
Microsoft Visual Studio Solution File, Format Version 12.00
# Visual Studio Version 16
VisualStudioVersion = 16.0.30011.22
MinimumVisualStudioVersion = 10.0.40219.1
Project("{FAE04EC0-301F-11D3-BF4B-00C04F79EFBC}") = "FourierSeries", "FourierSeries\FourierSeries.csproj", "{C065768D-AC3E-446D-ACED-E6DAB0297E9A}"
EndProject
Global
	GlobalSection(SolutionConfigurationPlatforms) = preSolution
		Debug|Any CPU = Debug|Any CPU
		Release|Any CPU = Release|Any CPU
	EndGlobalSection
	GlobalSection(ProjectConfigurationPlatforms) = postSolution
		{C065768D-AC3E-446D-ACED-E6DAB0297E9A}.Debug|Any CPU.ActiveCfg = Debug|Any CPU
		{C065768D-AC3E-446D-ACED-E6DAB0297E9A}.Debug|Any CPU.Build.0 = Debug|Any CPU
		{C065768D-AC3E-446D-ACED-E6DAB0297E9A}.Release|Any CPU.ActiveCfg = Release|Any CPU
		{C065768D-AC3E-446D-ACED-E6DAB0297E9A}.Release|Any CPU.Build.0 = Release|Any CPU
	EndGlobalSection
	GlobalSection(SolutionProperties) = preSolution
		HideSolutionNode = FALSE
	EndGlobalSection
	GlobalSection(ExtensibilityGlobals) = postSolution
		SolutionGuid = {F1F3D9FB-3830-44CC-AA66-BAA0391B1058}
	EndGlobalSection
EndGlobal
